
Microsoft Visual Studio Solution File, Format Version 12.00
# Visual Studio Version 17
VisualStudioVersion = 17.10.35027.167
MinimumVisualStudioVersion = 10.0.40219.1
Project("{FAE04EC0-301F-11D3-BF4B-00C04F79EFBC}") = "pryDiFiniTriatlon", "pryDiFiniTriatlon\pryDiFiniTriatlon.csproj", "{9977C8B1-F2C4-48A9-AB90-A72AC0B49FB9}"
EndProject
Global
	GlobalSection(SolutionConfigurationPlatforms) = preSolution
		Debug|Any CPU = Debug|Any CPU
		Release|Any CPU = Release|Any CPU
	EndGlobalSection
	GlobalSection(ProjectConfigurationPlatforms) = postSolution
		{9977C8B1-F2C4-48A9-AB90-A72AC0B49FB9}.Debug|Any CPU.ActiveCfg = Debug|Any CPU
		{9977C8B1-F2C4-48A9-AB90-A72AC0B49FB9}.Debug|Any CPU.Build.0 = Debug|Any CPU
		{9977C8B1-F2C4-48A9-AB90-A72AC0B49FB9}.Release|Any CPU.ActiveCfg = Release|Any CPU
		{9977C8B1-F2C4-48A9-AB90-A72AC0B49FB9}.Release|Any CPU.Build.0 = Release|Any CPU
	EndGlobalSection
	GlobalSection(SolutionProperties) = preSolution
		HideSolutionNode = FALSE
	EndGlobalSection
	GlobalSection(ExtensibilityGlobals) = postSolution
		SolutionGuid = {2E0A820F-62FD-4B55-B2F3-275E92021A69}
	EndGlobalSection
EndGlobal
